
Microsoft Visual Studio Solution File, Format Version 12.00
# Visual Studio Version 17
VisualStudioVersion = 17.6.33829.357
MinimumVisualStudioVersion = 10.0.40219.1
Project("{FAE04EC0-301F-11D3-BF4B-00C04F79EFBC}") = "BasicMaths", "BasicMaths.csproj", "{D50FC07D-9013-4C27-92F9-D0A9BCA41D75}"
EndProject
Global
	GlobalSection(SolutionConfigurationPlatforms) = preSolution
		Debug|Any CPU = Debug|Any CPU
		Release|Any CPU = Release|Any CPU
	EndGlobalSection
	GlobalSection(ProjectConfigurationPlatforms) = postSolution
		{D50FC07D-9013-4C27-92F9-D0A9BCA41D75}.Debug|Any CPU.ActiveCfg = Debug|Any CPU
		{D50FC07D-9013-4C27-92F9-D0A9BCA41D75}.Debug|Any CPU.Build.0 = Debug|Any CPU
		{D50FC07D-9013-4C27-92F9-D0A9BCA41D75}.Release|Any CPU.ActiveCfg = Release|Any CPU
		{D50FC07D-9013-4C27-92F9-D0A9BCA41D75}.Release|Any CPU.Build.0 = Release|Any CPU
	EndGlobalSection
	GlobalSection(SolutionProperties) = preSolution
		HideSolutionNode = FALSE
	EndGlobalSection
	GlobalSection(ExtensibilityGlobals) = postSolution
		SolutionGuid = {8BFD250A-C2A5-4086-9605-71989FAB88A1}
	EndGlobalSection
EndGlobal
